
Microsoft Visual Studio Solution File, Format Version 12.00
# Visual Studio Version 17
VisualStudioVersion = 17.8.34511.84
MinimumVisualStudioVersion = 10.0.40219.1
Project("{FAE04EC0-301F-11D3-BF4B-00C04F79EFBC}") = "Ch_4_Exercise_4_4", "Ch_4_Exercise_4_4.csproj", "{B148D29C-7A1B-4684-8A2D-4BB775366CA8}"
EndProject
Global
	GlobalSection(SolutionConfigurationPlatforms) = preSolution
		Debug|Any CPU = Debug|Any CPU
		Release|Any CPU = Release|Any CPU
	EndGlobalSection
	GlobalSection(ProjectConfigurationPlatforms) = postSolution
		{B148D29C-7A1B-4684-8A2D-4BB775366CA8}.Debug|Any CPU.ActiveCfg = Debug|Any CPU
		{B148D29C-7A1B-4684-8A2D-4BB775366CA8}.Debug|Any CPU.Build.0 = Debug|Any CPU
		{B148D29C-7A1B-4684-8A2D-4BB775366CA8}.Release|Any CPU.ActiveCfg = Release|Any CPU
		{B148D29C-7A1B-4684-8A2D-4BB775366CA8}.Release|Any CPU.Build.0 = Release|Any CPU
	EndGlobalSection
	GlobalSection(SolutionProperties) = preSolution
		HideSolutionNode = FALSE
	EndGlobalSection
	GlobalSection(ExtensibilityGlobals) = postSolution
		SolutionGuid = {3FCA3C26-06CB-4AB7-9E6D-88AFA2C8FB29}
	EndGlobalSection
EndGlobal
