
Microsoft Visual Studio Solution File, Format Version 12.00
# Visual Studio Version 17
VisualStudioVersion = 17.9.34607.119
MinimumVisualStudioVersion = 10.0.40219.1
Project("{FAE04EC0-301F-11D3-BF4B-00C04F79EFBC}") = "Ch_8_Exercise_8_3", "Ch_8_Exercise_8_3.csproj", "{BED832A8-2366-4429-A573-68AD866711D6}"
EndProject
Global
	GlobalSection(SolutionConfigurationPlatforms) = preSolution
		Debug|Any CPU = Debug|Any CPU
		Release|Any CPU = Release|Any CPU
	EndGlobalSection
	GlobalSection(ProjectConfigurationPlatforms) = postSolution
		{BED832A8-2366-4429-A573-68AD866711D6}.Debug|Any CPU.ActiveCfg = Debug|Any CPU
		{BED832A8-2366-4429-A573-68AD866711D6}.Debug|Any CPU.Build.0 = Debug|Any CPU
		{BED832A8-2366-4429-A573-68AD866711D6}.Release|Any CPU.ActiveCfg = Release|Any CPU
		{BED832A8-2366-4429-A573-68AD866711D6}.Release|Any CPU.Build.0 = Release|Any CPU
	EndGlobalSection
	GlobalSection(SolutionProperties) = preSolution
		HideSolutionNode = FALSE
	EndGlobalSection
	GlobalSection(ExtensibilityGlobals) = postSolution
		SolutionGuid = {E1CB1122-EFA4-4E6A-9A1B-82AAFD8A68A0}
	EndGlobalSection
EndGlobal
